
Microsoft Visual Studio Solution File, Format Version 12.00
# Visual Studio Version 16
VisualStudioVersion = 16.0.31321.278
MinimumVisualStudioVersion = 10.0.40219.1
Project("{FAE04EC0-301F-11D3-BF4B-00C04F79EFBC}") = "DataAccess", "DataAccess\DataAccess.csproj", "{27CDFCF0-DC3F-47C5-BAF1-3C5CFB971262}"
EndProject
Project("{FAE04EC0-301F-11D3-BF4B-00C04F79EFBC}") = "Business", "Business\Business.csproj", "{372B2F33-3E7C-4C47-AA2C-EC6C5951EBBA}"
EndProject
Project("{FAE04EC0-301F-11D3-BF4B-00C04F79EFBC}") = "Entities", "Entities\Entities.csproj", "{DABB19D2-FA6E-4DBA-B9DC-52A6B7916947}"
EndProject
Project("{FAE04EC0-301F-11D3-BF4B-00C04F79EFBC}") = "ConsoleUI", "ConsoleUI\ConsoleUI.csproj", "{AE16D71E-DFA2-4814-B5F9-F1F9EE1FA62F}"
EndProject
Global
	GlobalSection(SolutionConfigurationPlatforms) = preSolution
		Debug|Any CPU = Debug|Any CPU
		Release|Any CPU = Release|Any CPU
	EndGlobalSection
	GlobalSection(ProjectConfigurationPlatforms) = postSolution
		{27CDFCF0-DC3F-47C5-BAF1-3C5CFB971262}.Debug|Any CPU.ActiveCfg = Debug|Any CPU
		{27CDFCF0-DC3F-47C5-BAF1-3C5CFB971262}.Debug|Any CPU.Build.0 = Debug|Any CPU
		{27CDFCF0-DC3F-47C5-BAF1-3C5CFB971262}.Release|Any CPU.ActiveCfg = Release|Any CPU
		{27CDFCF0-DC3F-47C5-BAF1-3C5CFB971262}.Release|Any CPU.Build.0 = Release|Any CPU
		{372B2F33-3E7C-4C47-AA2C-EC6C5951EBBA}.Debug|Any CPU.ActiveCfg = Debug|Any CPU
		{372B2F33-3E7C-4C47-AA2C-EC6C5951EBBA}.Debug|Any CPU.Build.0 = Debug|Any CPU
		{372B2F33-3E7C-4C47-AA2C-EC6C5951EBBA}.Release|Any CPU.ActiveCfg = Release|Any CPU
		{372B2F33-3E7C-4C47-AA2C-EC6C5951EBBA}.Release|Any CPU.Build.0 = Release|Any CPU
		{DABB19D2-FA6E-4DBA-B9DC-52A6B7916947}.Debug|Any CPU.ActiveCfg = Debug|Any CPU
		{DABB19D2-FA6E-4DBA-B9DC-52A6B7916947}.Debug|Any CPU.Build.0 = Debug|Any CPU
		{DABB19D2-FA6E-4DBA-B9DC-52A6B7916947}.Release|Any CPU.ActiveCfg = Release|Any CPU
		{DABB19D2-FA6E-4DBA-B9DC-52A6B7916947}.Release|Any CPU.Build.0 = Release|Any CPU
		{AE16D71E-DFA2-4814-B5F9-F1F9EE1FA62F}.Debug|Any CPU.ActiveCfg = Debug|Any CPU
		{AE16D71E-DFA2-4814-B5F9-F1F9EE1FA62F}.Debug|Any CPU.Build.0 = Debug|Any CPU
		{AE16D71E-DFA2-4814-B5F9-F1F9EE1FA62F}.Release|Any CPU.ActiveCfg = Release|Any CPU
		{AE16D71E-DFA2-4814-B5F9-F1F9EE1FA62F}.Release|Any CPU.Build.0 = Release|Any CPU
	EndGlobalSection
	GlobalSection(SolutionProperties) = preSolution
		HideSolutionNode = FALSE
	EndGlobalSection
	GlobalSection(ExtensibilityGlobals) = postSolution
		SolutionGuid = {636FCDCC-E785-4A77-8E10-AA1B776013BD}
	EndGlobalSection
EndGlobal
